
Microsoft Visual Studio Solution File, Format Version 12.00
# Visual Studio Version 17
VisualStudioVersion = 17.2.32526.322
MinimumVisualStudioVersion = 10.0.40219.1
Project("{FAE04EC0-301F-11D3-BF4B-00C04F79EFBC}") = "AddingTeacherDetails", "AddingTeacherDetails.csproj", "{F8476FF0-8069-4B06-B8C7-1FE4AC3491A0}"
EndProject
Global
	GlobalSection(SolutionConfigurationPlatforms) = preSolution
		Debug|Any CPU = Debug|Any CPU
		Release|Any CPU = Release|Any CPU
	EndGlobalSection
	GlobalSection(ProjectConfigurationPlatforms) = postSolution
		{F8476FF0-8069-4B06-B8C7-1FE4AC3491A0}.Debug|Any CPU.ActiveCfg = Debug|Any CPU
		{F8476FF0-8069-4B06-B8C7-1FE4AC3491A0}.Debug|Any CPU.Build.0 = Debug|Any CPU
		{F8476FF0-8069-4B06-B8C7-1FE4AC3491A0}.Release|Any CPU.ActiveCfg = Release|Any CPU
		{F8476FF0-8069-4B06-B8C7-1FE4AC3491A0}.Release|Any CPU.Build.0 = Release|Any CPU
	EndGlobalSection
	GlobalSection(SolutionProperties) = preSolution
		HideSolutionNode = FALSE
	EndGlobalSection
	GlobalSection(ExtensibilityGlobals) = postSolution
		SolutionGuid = {5762668D-4F9C-4B1F-B9C3-676C1303BB40}
	EndGlobalSection
EndGlobal
